# This file is automatically @generated by Cargo.
# It is not intended for manual editing.
version = 4

[[package]]
name = "pincerpdf-application"
version = "0.1.0"
dependencies = [
 "pincerpdf-domain",
 "pincerpdf-engine-api",
]

[[package]]
name = "pincerpdf-cli"
version = "0.1.0"
dependencies = [
 "pincerpdf-application",
 "pincerpdf-domain",
 "pincerpdf-engine-api",
]

[[package]]
name = "pincerpdf-domain"
version = "0.1.0"

[[package]]
name = "pincerpdf-engine-api"
version = "0.1.0"
dependencies = [
 "pincerpdf-domain",
]

[[package]]
name = "pincerpdf-filesystem"
version = "0.1.0"
